
Microsoft Visual Studio Solution File, Format Version 12.00
# Visual Studio for Mac
Project("{FAE04EC0-301F-11D3-BF4B-00C04F79EFBC}") = "Assembly-CSharp", "Assembly-CSharp.csproj", "{B31610FD-396E-8BFF-11C0-500E2A798E55}"
EndProject
Project("{FAE04EC0-301F-11D3-BF4B-00C04F79EFBC}") = "Assembly-CSharp-Editor", "Assembly-CSharp-Editor.csproj", "{63BDFC44-14EE-85C2-81E8-3D9B559A54DB}"
EndProject
Global
	GlobalSection(SolutionConfigurationPlatforms) = preSolution
		Debug|Any CPU = Debug|Any CPU
		Release|Any CPU = Release|Any CPU
	EndGlobalSection
	GlobalSection(ProjectConfigurationPlatforms) = postSolution
		{B31610FD-396E-8BFF-11C0-500E2A798E55}.Debug|Any CPU.ActiveCfg = Debug|Any CPU
		{B31610FD-396E-8BFF-11C0-500E2A798E55}.Debug|Any CPU.Build.0 = Debug|Any CPU
		{B31610FD-396E-8BFF-11C0-500E2A798E55}.Release|Any CPU.ActiveCfg = Release|Any CPU
		{B31610FD-396E-8BFF-11C0-500E2A798E55}.Release|Any CPU.Build.0 = Release|Any CPU
		{63BDFC44-14EE-85C2-81E8-3D9B559A54DB}.Debug|Any CPU.ActiveCfg = Debug|Any CPU
		{63BDFC44-14EE-85C2-81E8-3D9B559A54DB}.Debug|Any CPU.Build.0 = Debug|Any CPU
		{63BDFC44-14EE-85C2-81E8-3D9B559A54DB}.Release|Any CPU.ActiveCfg = Release|Any CPU
		{63BDFC44-14EE-85C2-81E8-3D9B559A54DB}.Release|Any CPU.Build.0 = Release|Any CPU
	EndGlobalSection
	GlobalSection(SolutionProperties) = preSolution
		HideSolutionNode = FALSE
	EndGlobalSection
EndGlobal
